
Microsoft Visual Studio Solution File, Format Version 12.00
# Visual Studio Version 18
VisualStudioVersion = 18.7.11811.120 insiders
MinimumVisualStudioVersion = 10.0.40219.1
Project("{FAE04EC0-301F-11D3-BF4B-00C04F79EFBC}") = "RoboDKFlatApiWinformsApplication", "Example\RoboDKSampleProject\RoboDKFlatApiWinformsApplication.csproj", "{BF3E6EFA-6CB0-49EF-BCA4-7BFA8BC1460B}"
EndProject
Global
	GlobalSection(SolutionConfigurationPlatforms) = preSolution
		Debug|Any CPU = Debug|Any CPU
		Release|Any CPU = Release|Any CPU
	EndGlobalSection
	GlobalSection(ProjectConfigurationPlatforms) = postSolution
		{BF3E6EFA-6CB0-49EF-BCA4-7BFA8BC1460B}.Debug|Any CPU.ActiveCfg = Debug|Any CPU
		{BF3E6EFA-6CB0-49EF-BCA4-7BFA8BC1460B}.Debug|Any CPU.Build.0 = Debug|Any CPU
		{BF3E6EFA-6CB0-49EF-BCA4-7BFA8BC1460B}.Release|Any CPU.ActiveCfg = Release|Any CPU
		{BF3E6EFA-6CB0-49EF-BCA4-7BFA8BC1460B}.Release|Any CPU.Build.0 = Release|Any CPU
	EndGlobalSection
	GlobalSection(SolutionProperties) = preSolution
		HideSolutionNode = FALSE
	EndGlobalSection
	GlobalSection(ExtensibilityGlobals) = postSolution
		SolutionGuid = {DFA45C8E-CCA8-49F3-95B4-44C4D7802C92}
	EndGlobalSection
EndGlobal
